
Microsoft Visual Studio Solution File, Format Version 12.00
# Visual Studio 15
VisualStudioVersion = 15.0.28307.960
MinimumVisualStudioVersion = 10.0.40219.1
Project("{FAE04EC0-301F-11D3-BF4B-00C04F79EFBC}") = "DemoApps", "DemoApps\DemoApps.csproj", "{61ECF038-3080-4616-B76B-90C814F3B531}"
EndProject
Project("{FAE04EC0-301F-11D3-BF4B-00C04F79EFBC}") = "DemoWebApi", "DemoWebApi\DemoWebApi.csproj", "{DE11F9E1-B466-4D7B-B61C-B8F7F1B2C17A}"
EndProject
Global
	GlobalSection(SolutionConfigurationPlatforms) = preSolution
		Debug|Any CPU = Debug|Any CPU
		Release|Any CPU = Release|Any CPU
	EndGlobalSection
	GlobalSection(ProjectConfigurationPlatforms) = postSolution
		{61ECF038-3080-4616-B76B-90C814F3B531}.Debug|Any CPU.ActiveCfg = Debug|Any CPU
		{61ECF038-3080-4616-B76B-90C814F3B531}.Debug|Any CPU.Build.0 = Debug|Any CPU
		{61ECF038-3080-4616-B76B-90C814F3B531}.Release|Any CPU.ActiveCfg = Release|Any CPU
		{61ECF038-3080-4616-B76B-90C814F3B531}.Release|Any CPU.Build.0 = Release|Any CPU
		{DE11F9E1-B466-4D7B-B61C-B8F7F1B2C17A}.Debug|Any CPU.ActiveCfg = Debug|Any CPU
		{DE11F9E1-B466-4D7B-B61C-B8F7F1B2C17A}.Debug|Any CPU.Build.0 = Debug|Any CPU
		{DE11F9E1-B466-4D7B-B61C-B8F7F1B2C17A}.Release|Any CPU.ActiveCfg = Release|Any CPU
		{DE11F9E1-B466-4D7B-B61C-B8F7F1B2C17A}.Release|Any CPU.Build.0 = Release|Any CPU
	EndGlobalSection
	GlobalSection(SolutionProperties) = preSolution
		HideSolutionNode = FALSE
	EndGlobalSection
	GlobalSection(ExtensibilityGlobals) = postSolution
		SolutionGuid = {88B242C4-5244-4090-9ADF-C19E1542076B}
	EndGlobalSection
EndGlobal
